
Microsoft Visual Studio Solution File, Format Version 12.00
Project("{FAE04EC0-301F-11D3-BF4B-00C04F79EFBC}") = "crossword", "crossword.csproj", "{A050C5F9-737E-4E26-BC32-FF4DBF9B713F}"
EndProject
Global
	GlobalSection(SolutionConfigurationPlatforms) = preSolution
		Debug|Any CPU = Debug|Any CPU
		Release|Any CPU = Release|Any CPU
	EndGlobalSection
	GlobalSection(ProjectConfigurationPlatforms) = postSolution
		{A050C5F9-737E-4E26-BC32-FF4DBF9B713F}.Debug|Any CPU.ActiveCfg = Debug|Any CPU
		{A050C5F9-737E-4E26-BC32-FF4DBF9B713F}.Debug|Any CPU.Build.0 = Debug|Any CPU
		{A050C5F9-737E-4E26-BC32-FF4DBF9B713F}.Release|Any CPU.ActiveCfg = Release|Any CPU
		{A050C5F9-737E-4E26-BC32-FF4DBF9B713F}.Release|Any CPU.Build.0 = Release|Any CPU
	EndGlobalSection
EndGlobal
